
Microsoft Visual Studio Solution File, Format Version 12.00
# Visual Studio Version 17
VisualStudioVersion = 17.2.32616.157
MinimumVisualStudioVersion = 10.0.40219.1
Project("{FAE04EC0-301F-11D3-BF4B-00C04F79EFBC}") = "Pizzeria", "Project1\Pizzeria.csproj", "{97EB0FC7-A434-4F84-A548-1CCFDD39C2F3}"
EndProject
Global
	GlobalSection(SolutionConfigurationPlatforms) = preSolution
		Debug|Any CPU = Debug|Any CPU
		Release|Any CPU = Release|Any CPU
	EndGlobalSection
	GlobalSection(ProjectConfigurationPlatforms) = postSolution
		{97EB0FC7-A434-4F84-A548-1CCFDD39C2F3}.Debug|Any CPU.ActiveCfg = Debug|Any CPU
		{97EB0FC7-A434-4F84-A548-1CCFDD39C2F3}.Debug|Any CPU.Build.0 = Debug|Any CPU
		{97EB0FC7-A434-4F84-A548-1CCFDD39C2F3}.Release|Any CPU.ActiveCfg = Release|Any CPU
		{97EB0FC7-A434-4F84-A548-1CCFDD39C2F3}.Release|Any CPU.Build.0 = Release|Any CPU
	EndGlobalSection
	GlobalSection(SolutionProperties) = preSolution
		HideSolutionNode = FALSE
	EndGlobalSection
	GlobalSection(ExtensibilityGlobals) = postSolution
		SolutionGuid = {CDB593D2-5F1D-4F48-8E00-6CC439C37181}
	EndGlobalSection
EndGlobal
